// !$*UTF8*$!
{
	archiveVersion = 1;
	classes = {
	};
	objectVersion = 46;
	objects = {

/* Begin PBXBuildFile section */
		F015154F193AC21400CB4D50 /* libVirtualServer.a in Frameworks */ = {isa = PBXBuildFile; fileRef = F015154C193AC1D000CB4D50 /* libVirtualServer.a */; };
		F01515A1193AD36E00CB4D50 /* CBMDataModelBillMember.m in Sources */ = {isa = PBXBuildFile; fileRef = F0151552193AD36E00CB4D50 /* CBMDataModelBillMember.m */; };
		F01515A2193AD36E00CB4D50 /* CBMDataModelGroupMember.m in Sources */ = {isa = PBXBuildFile; fileRef = F0151554193AD36E00CB4D50 /* CBMDataModelGroupMember.m */; };
		F01515A3193AD36E00CB4D50 /* MainStoryboard_iPad.storyboard in Resources */ = {isa = PBXBuildFile; fileRef = F0151556193AD36E00CB4D50 /* MainStoryboard_iPad.storyboard */; };
		F01515A4193AD36E00CB4D50 /* MainStoryboard_iPhone.storyboard in Resources */ = {isa = PBXBuildFile; fileRef = F0151558193AD36E00CB4D50 /* MainStoryboard_iPhone.storyboard */; };
		F01515A5193AD36E00CB4D50 /* InfoPlist.strings in Resources */ = {isa = PBXBuildFile; fileRef = F015155A193AD36E00CB4D50 /* InfoPlist.strings */; };
		F01515A6193AD36E00CB4D50 /* Localizable.strings in Resources */ = {isa = PBXBuildFile; fileRef = F015155C193AD36E00CB4D50 /* Localizable.strings */; };
		F01515A7193AD36E00CB4D50 /* MainStoryboard_iPad.strings in Resources */ = {isa = PBXBuildFile; fileRef = F015155E193AD36E00CB4D50 /* MainStoryboard_iPad.strings */; };
		F01515A8193AD36E00CB4D50 /* MainStoryboard_iPhone.strings in Resources */ = {isa = PBXBuildFile; fileRef = F0151560193AD36E00CB4D50 /* MainStoryboard_iPhone.strings */; };
		F01515A9193AD36E00CB4D50 /* AMBlurView.m in Sources */ = {isa = PBXBuildFile; fileRef = F0151569193AD36E00CB4D50 /* AMBlurView.m */; };
		F01515AA193AD36E00CB4D50 /* MYBlurIntroductionView.m in Sources */ = {isa = PBXBuildFile; fileRef = F015156B193AD36E00CB4D50 /* MYBlurIntroductionView.m */; };
		F01515AB193AD36E00CB4D50 /* MYIntroductionPanel.m in Sources */ = {isa = PBXBuildFile; fileRef = F015156D193AD36E00CB4D50 /* MYIntroductionPanel.m */; };
		F01515AC193AD36E00CB4D50 /* CustomBadge.m in Sources */ = {isa = PBXBuildFile; fileRef = F0151570193AD36E00CB4D50 /* CustomBadge.m */; };
		F01515AD193AD36E00CB4D50 /* MyLauncherItem.m in Sources */ = {isa = PBXBuildFile; fileRef = F0151572193AD36E00CB4D50 /* MyLauncherItem.m */; };
		F01515AE193AD36E00CB4D50 /* MyLauncherPageControl.m in Sources */ = {isa = PBXBuildFile; fileRef = F0151574193AD36E00CB4D50 /* MyLauncherPageControl.m */; };
		F01515AF193AD36E00CB4D50 /* MyLauncherScrollView.m in Sources */ = {isa = PBXBuildFile; fileRef = F0151576193AD36E00CB4D50 /* MyLauncherScrollView.m */; };
		F01515B0193AD36E00CB4D50 /* MyLauncherView.m in Sources */ = {isa = PBXBuildFile; fileRef = F0151578193AD36E00CB4D50 /* MyLauncherView.m */; };
		F01515B1193AD36E00CB4D50 /* MyLauncherViewController.m in Sources */ = {isa = PBXBuildFile; fileRef = F015157A193AD36E00CB4D50 /* MyLauncherViewController.m */; };
		F01515B2193AD36E00CB4D50 /* EGORefreshTableHeaderView.m in Sources */ = {isa = PBXBuildFile; fileRef = F015157D193AD36E00CB4D50 /* EGORefreshTableHeaderView.m */; };
		F01515B3193AD36E00CB4D50 /* SWTableViewCell.m in Sources */ = {isa = PBXBuildFile; fileRef = F0151580193AD36E00CB4D50 /* SWTableViewCell.m */; };
		F01515B4193AD36E00CB4D50 /* CBMCellBillList.m in Sources */ = {isa = PBXBuildFile; fileRef = F0151583193AD36E00CB4D50 /* CBMCellBillList.m */; };
		F01515B5193AD36E00CB4D50 /* CBMCellMemberList.m in Sources */ = {isa = PBXBuildFile; fileRef = F0151585193AD36E00CB4D50 /* CBMCellMemberList.m */; };
		F01515B6193AD36E00CB4D50 /* CBMNormalSectionHeaderView.m in Sources */ = {isa = PBXBuildFile; fileRef = F0151587193AD36E00CB4D50 /* CBMNormalSectionHeaderView.m */; };
		F01515B7193AD36E00CB4D50 /* CBMSectionHeaderView.m in Sources */ = {isa = PBXBuildFile; fileRef = F0151589193AD36E00CB4D50 /* CBMSectionHeaderView.m */; };
		F01515B8193AD36E00CB4D50 /* CBMSectionInfo.m in Sources */ = {isa = PBXBuildFile; fileRef = F015158B193AD36E00CB4D50 /* CBMSectionInfo.m */; };
		F01515B9193AD36E00CB4D50 /* CBMViewControllerAccountApply.m in Sources */ = {isa = PBXBuildFile; fileRef = F015158E193AD36E00CB4D50 /* CBMViewControllerAccountApply.m */; };
		F01515BA193AD36E00CB4D50 /* CBMViewControllerActionlist.m in Sources */ = {isa = PBXBuildFile; fileRef = F0151590193AD36E00CB4D50 /* CBMViewControllerActionlist.m */; };
		F01515BB193AD36E00CB4D50 /* CBMViewControllerAddBill.m in Sources */ = {isa = PBXBuildFile; fileRef = F0151592193AD36E00CB4D50 /* CBMViewControllerAddBill.m */; };
		F01515BC193AD36F00CB4D50 /* CBMViewControllerAddGroup.m in Sources */ = {isa = PBXBuildFile; fileRef = F0151594193AD36E00CB4D50 /* CBMViewControllerAddGroup.m */; };
		F01515BD193AD36F00CB4D50 /* CBMViewControllerBillList.m in Sources */ = {isa = PBXBuildFile; fileRef = F0151596193AD36E00CB4D50 /* CBMViewControllerBillList.m */; };
		F01515BE193AD36F00CB4D50 /* CBMViewControllerEntry.m in Sources */ = {isa = PBXBuildFile; fileRef = F0151598193AD36E00CB4D50 /* CBMViewControllerEntry.m */; };
		F01515BF193AD36F00CB4D50 /* CBMViewControllerLogIn.m in Sources */ = {isa = PBXBuildFile; fileRef = F015159A193AD36E00CB4D50 /* CBMViewControllerLogIn.m */; };
		F01515C0193AD36F00CB4D50 /* CBMViewControllerMemberList.m in Sources */ = {isa = PBXBuildFile; fileRef = F015159C193AD36E00CB4D50 /* CBMViewControllerMemberList.m */; };
		F01515C1193AD36F00CB4D50 /* CBMViewControllerProjectLauncher.m in Sources */ = {isa = PBXBuildFile; fileRef = F015159E193AD36E00CB4D50 /* CBMViewControllerProjectLauncher.m */; };
		F01515C2193AD36F00CB4D50 /* CBMViewControllerShowBill.m in Sources */ = {isa = PBXBuildFile; fileRef = F01515A0193AD36E00CB4D50 /* CBMViewControllerShowBill.m */; };
		F01515C5193AD91D00CB4D50 /* CBMDataModel.m in Sources */ = {isa = PBXBuildFile; fileRef = F01515C4193AD91D00CB4D50 /* CBMDataModel.m */; };
		F015161619440D4800CB4D50 /* CBMDataModelLocalSave.m in Sources */ = {isa = PBXBuildFile; fileRef = F015161519440D4800CB4D50 /* CBMDataModelLocalSave.m */; };
		F015161A1944140D00CB4D50 /* CoreData.framework in Frameworks */ = {isa = PBXBuildFile; fileRef = F01516191944140D00CB4D50 /* CoreData.framework */; };
		F015161D1944155500CB4D50 /* CBMDataModelLocalSave.xcdatamodeld in Sources */ = {isa = PBXBuildFile; fileRef = F015161B1944155500CB4D50 /* CBMDataModelLocalSave.xcdatamodeld */; };
		F0316592185C6C48001EC383 /* UIKit.framework in Frameworks */ = {isa = PBXBuildFile; fileRef = F0316591185C6C48001EC383 /* UIKit.framework */; };
		F0316594185C6C48001EC383 /* Foundation.framework in Frameworks */ = {isa = PBXBuildFile; fileRef = F0316593185C6C48001EC383 /* Foundation.framework */; };
		F0316596185C6C48001EC383 /* CoreGraphics.framework in Frameworks */ = {isa = PBXBuildFile; fileRef = F0316595185C6C48001EC383 /* CoreGraphics.framework */; };
		F031659E185C6C48001EC383 /* main.m in Sources */ = {isa = PBXBuildFile; fileRef = F031659D185C6C48001EC383 /* main.m */; };
		F03165A2185C6C48001EC383 /* CBMAppDelegate.m in Sources */ = {isa = PBXBuildFile; fileRef = F03165A1185C6C48001EC383 /* CBMAppDelegate.m */; };
		F04E2725187CE85B008DED3F /* NormalSectionHeaderView.xib in Resources */ = {isa = PBXBuildFile; fileRef = F04E2724187CE85B008DED3F /* NormalSectionHeaderView.xib */; };
		F051E05A187145CC00D5FE7A /* QuartzCore.framework in Frameworks */ = {isa = PBXBuildFile; fileRef = F051E059187145CC00D5FE7A /* QuartzCore.framework */; };
		F05AC3A318753A2800E42F13 /* SectionHeaderView.xib in Resources */ = {isa = PBXBuildFile; fileRef = F025B64E1871517200B1A2B1 /* SectionHeaderView.xib */; };
		F05AC3A41877E14700E42F13 /* carat-open.png in Resources */ = {isa = PBXBuildFile; fileRef = F025B6451871517200B1A2B1 /* carat-open.png */; };
		F05AC3A51877E14700E42F13 /* carat.png in Resources */ = {isa = PBXBuildFile; fileRef = F025B6461871517200B1A2B1 /* carat.png */; };
		F05AC3A61877E14700E42F13 /* Default-568h@2x.png in Resources */ = {isa = PBXBuildFile; fileRef = F025B6471871517200B1A2B1 /* Default-568h@2x.png */; };
		F05AC3A71877E14700E42F13 /* Default.png in Resources */ = {isa = PBXBuildFile; fileRef = F025B6481871517200B1A2B1 /* Default.png */; };
		F05AC3A81877E14700E42F13 /* Default@2x.png in Resources */ = {isa = PBXBuildFile; fileRef = F025B6491871517200B1A2B1 /* Default@2x.png */; };
		F05AC3A91877E14700E42F13 /* icon0.png in Resources */ = {isa = PBXBuildFile; fileRef = F025B64A1871517200B1A2B1 /* icon0.png */; };
		F05AC3AA1877E14700E42F13 /* icon1.png in Resources */ = {isa = PBXBuildFile; fileRef = F025B64B1871517200B1A2B1 /* icon1.png */; };
		F05AC3AB1877E14700E42F13 /* icon2.png in Resources */ = {isa = PBXBuildFile; fileRef = F025B64C1871517200B1A2B1 /* icon2.png */; };
		F05AC3AC1877E14700E42F13 /* icon3.png in Resources */ = {isa = PBXBuildFile; fileRef = F025B64D1871517200B1A2B1 /* icon3.png */; };
		F05AC3AD1877E14F00E42F13 /* close.png in Resources */ = {isa = PBXBuildFile; fileRef = F0445E6318716C5E00A0D2EF /* close.png */; };
		F05AC3AE1877E14F00E42F13 /* Icon-iPad.png in Resources */ = {isa = PBXBuildFile; fileRef = F0445E6418716C5E00A0D2EF /* Icon-iPad.png */; };
		F05AC3AF1877E14F00E42F13 /* Icon.png in Resources */ = {isa = PBXBuildFile; fileRef = F0445E6518716C5E00A0D2EF /* Icon.png */; };
		F05AC3B01877E14F00E42F13 /* Icon@2x.png in Resources */ = {isa = PBXBuildFile; fileRef = F0445E6618716C5E00A0D2EF /* Icon@2x.png */; };
		F05AC3B11877E14F00E42F13 /* itemImage-iPad.png in Resources */ = {isa = PBXBuildFile; fileRef = F0445E6718716C5E00A0D2EF /* itemImage-iPad.png */; };
		F05AC3B21877E14F00E42F13 /* itemImage.png in Resources */ = {isa = PBXBuildFile; fileRef = F0445E6818716C5E00A0D2EF /* itemImage.png */; };
		F05AC3B31877E14F00E42F13 /* itemImage@2x.png in Resources */ = {isa = PBXBuildFile; fileRef = F0445E6918716C5E00A0D2EF /* itemImage@2x.png */; };
		F05AC3B41877E14F00E42F13 /* launcher.png in Resources */ = {isa = PBXBuildFile; fileRef = F0445E6A18716C5E00A0D2EF /* launcher.png */; };
		F05AC3B51877E14F00E42F13 /* blackArrow.png in Resources */ = {isa = PBXBuildFile; fileRef = F0445DDF187155EA00A0D2EF /* blackArrow.png */; };
		F05AC3B61877E14F00E42F13 /* blackArrow@2x.png in Resources */ = {isa = PBXBuildFile; fileRef = F0445DE0187155EA00A0D2EF /* blackArrow@2x.png */; };
		F05AC3B71877E14F00E42F13 /* blueArrow.png in Resources */ = {isa = PBXBuildFile; fileRef = F0445DE1187155EA00A0D2EF /* blueArrow.png */; };
		F05AC3B81877E14F00E42F13 /* blueArrow@2x.png in Resources */ = {isa = PBXBuildFile; fileRef = F0445DE2187155EA00A0D2EF /* blueArrow@2x.png */; };
		F05AC3B91877E14F00E42F13 /* grayArrow.png in Resources */ = {isa = PBXBuildFile; fileRef = F0445DE3187155EA00A0D2EF /* grayArrow.png */; };
		F05AC3BA1877E14F00E42F13 /* grayArrow@2x.png in Resources */ = {isa = PBXBuildFile; fileRef = F0445DE4187155EA00A0D2EF /* grayArrow@2x.png */; };
		F05AC3BB1877E14F00E42F13 /* whiteArrow.png in Resources */ = {isa = PBXBuildFile; fileRef = F0445DE5187155EA00A0D2EF /* whiteArrow.png */; };
		F05AC3BC1877E14F00E42F13 /* whiteArrow@2x.png in Resources */ = {isa = PBXBuildFile; fileRef = F0445DE6187155EA00A0D2EF /* whiteArrow@2x.png */; };
		F0713EB21883BE2000AA61A0 /* ForkImage.png in Resources */ = {isa = PBXBuildFile; fileRef = F0713EAD1883BE2000AA61A0 /* ForkImage.png */; };
		F0713EB31883BE2000AA61A0 /* HeaderImage.png in Resources */ = {isa = PBXBuildFile; fileRef = F0713EAE1883BE2000AA61A0 /* HeaderImage.png */; };
		F0713EB41883BE2000AA61A0 /* TestHeader.xib in Resources */ = {isa = PBXBuildFile; fileRef = F0713EAF1883BE2000AA61A0 /* TestHeader.xib */; };
		F0713EB51883BE2000AA61A0 /* TestPanel3.xib in Resources */ = {isa = PBXBuildFile; fileRef = F0713EB01883BE2000AA61A0 /* TestPanel3.xib */; };
		F0713EB61883BE2000AA61A0 /* Toronto, ON.jpg in Resources */ = {isa = PBXBuildFile; fileRef = F0713EB11883BE2000AA61A0 /* Toronto, ON.jpg */; };
/* End PBXBuildFile section */

/* Begin PBXContainerItemProxy section */
		F015154B193AC1D000CB4D50 /* PBXContainerItemProxy */ = {
			isa = PBXContainerItemProxy;
			containerPortal = F0151546193AC1D000CB4D50 /* VirtualServer.xcodeproj */;
			proxyType = 2;
			remoteGlobalIDString = F0C87A621933504B000D3012;
			remoteInfo = VirtualServer;
		};
		F015154D193AC1D000CB4D50 /* PBXContainerItemProxy */ = {
			isa = PBXContainerItemProxy;
			containerPortal = F0151546193AC1D000CB4D50 /* VirtualServer.xcodeproj */;
			proxyType = 2;
			remoteGlobalIDString = F0C87A721933504B000D3012;
			remoteInfo = VirtualServerTests;
		};
/* End PBXContainerItemProxy section */

/* Begin PBXFileReference section */
		F0151546193AC1D000CB4D50 /* VirtualServer.xcodeproj */ = {isa = PBXFileReference; lastKnownFileType = "wrapper.pb-project"; name = VirtualServer.xcodeproj; path = ../VirtualServer/VirtualServer.xcodeproj; sourceTree = "<group>"; };
		F0151551193AD36E00CB4D50 /* CBMDataModelBillMember.h */ = {isa = PBXFileReference; fileEncoding = 4; lastKnownFileType = sourcecode.c.h; path = CBMDataModelBillMember.h; sourceTree = "<group>"; };
		F0151552193AD36E00CB4D50 /* CBMDataModelBillMember.m */ = {isa = PBXFileReference; fileEncoding = 4; lastKnownFileType = sourcecode.c.objc; path = CBMDataModelBillMember.m; sourceTree = "<group>"; };
		F0151553193AD36E00CB4D50 /* CBMDataModelGroupMember.h */ = {isa = PBXFileReference; fileEncoding = 4; lastKnownFileType = sourcecode.c.h; path = CBMDataModelGroupMember.h; sourceTree = "<group>"; };
		F0151554193AD36E00CB4D50 /* CBMDataModelGroupMember.m */ = {isa = PBXFileReference; fileEncoding = 4; lastKnownFileType = sourcecode.c.objc; path = CBMDataModelGroupMember.m; sourceTree = "<group>"; };
		F0151557193AD36E00CB4D50 /* Base */ = {isa = PBXFileReference; lastKnownFileType = file.storyboard; name = Base; path = Base.lproj/MainStoryboard_iPad.storyboard; sourceTree = "<group>"; };
		F0151559193AD36E00CB4D50 /* Base */ = {isa = PBXFileReference; lastKnownFileType = file.storyboard; name = Base; path = Base.lproj/MainStoryboard_iPhone.storyboard; sourceTree = "<group>"; };
		F015155B193AD36E00CB4D50 /* en */ = {isa = PBXFileReference; lastKnownFileType = text.plist.strings; name = en; path = en.lproj/InfoPlist.strings; sourceTree = "<group>"; };
		F015155D193AD36E00CB4D50 /* en */ = {isa = PBXFileReference; lastKnownFileType = text.plist.strings; name = en; path = en.lproj/Localizable.strings; sourceTree = "<group>"; };
		F015155F193AD36E00CB4D50 /* en */ = {isa = PBXFileReference; lastKnownFileType = text.plist.strings; name = en; path = en.lproj/MainStoryboard_iPad.strings; sourceTree = "<group>"; };
		F0151561193AD36E00CB4D50 /* en */ = {isa = PBXFileReference; lastKnownFileType = text.plist.strings; name = en; path = en.lproj/MainStoryboard_iPhone.strings; sourceTree = "<group>"; };
		F0151562193AD36E00CB4D50 /* zh-Hant */ = {isa = PBXFileReference; lastKnownFileType = text.plist.strings; name = "zh-Hant"; path = "zh-Hant.lproj/InfoPlist.strings"; sourceTree = "<group>"; };
		F0151563193AD36E00CB4D50 /* zh-Hant */ = {isa = PBXFileReference; lastKnownFileType = text.plist.strings; name = "zh-Hant"; path = "zh-Hant.lproj/Localizable.strings"; sourceTree = "<group>"; };
		F0151564193AD36E00CB4D50 /* zh-Hant */ = {isa = PBXFileReference; lastKnownFileType = text.plist.strings; name = "zh-Hant"; path = "zh-Hant.lproj/MainStoryboard_iPad.strings"; sourceTree = "<group>"; };
		F0151565193AD36E00CB4D50 /* zh-Hant */ = {isa = PBXFileReference; lastKnownFileType = text.plist.strings; name = "zh-Hant"; path = "zh-Hant.lproj/MainStoryboard_iPhone.strings"; sourceTree = "<group>"; };
		F0151568193AD36E00CB4D50 /* AMBlurView.h */ = {isa = PBXFileReference; fileEncoding = 4; lastKnownFileType = sourcecode.c.h; path = AMBlurView.h; sourceTree = "<group>"; };
		F0151569193AD36E00CB4D50 /* AMBlurView.m */ = {isa = PBXFileReference; fileEncoding = 4; lastKnownFileType = sourcecode.c.objc; path = AMBlurView.m; sourceTree = "<group>"; };
		F015156A193AD36E00CB4D50 /* MYBlurIntroductionView.h */ = {isa = PBXFileReference; fileEncoding = 4; lastKnownFileType = sourcecode.c.h; path = MYBlurIntroductionView.h; sourceTree = "<group>"; };
		F015156B193AD36E00CB4D50 /* MYBlurIntroductionView.m */ = {isa = PBXFileReference; fileEncoding = 4; lastKnownFileType = sourcecode.c.objc; path = MYBlurIntroductionView.m; sourceTree = "<group>"; };
		F015156C193AD36E00CB4D50 /* MYIntroductionPanel.h */ = {isa = PBXFileReference; fileEncoding = 4; lastKnownFileType = sourcecode.c.h; path = MYIntroductionPanel.h; sourceTree = "<group>"; };
		F015156D193AD36E00CB4D50 /* MYIntroductionPanel.m */ = {isa = PBXFileReference; fileEncoding = 4; lastKnownFileType = sourcecode.c.objc; path = MYIntroductionPanel.m; sourceTree = "<group>"; };
		F015156F193AD36E00CB4D50 /* CustomBadge.h */ = {isa = PBXFileReference; fileEncoding = 4; lastKnownFileType = sourcecode.c.h; path = CustomBadge.h; sourceTree = "<group>"; };
		F0151570193AD36E00CB4D50 /* CustomBadge.m */ = {isa = PBXFileReference; fileEncoding = 4; lastKnownFileType = sourcecode.c.objc; path = CustomBadge.m; sourceTree = "<group>"; };
		F0151571193AD36E00CB4D50 /* MyLauncherItem.h */ = {isa = PBXFileReference; fileEncoding = 4; lastKnownFileType = sourcecode.c.h; path = MyLauncherItem.h; sourceTree = "<group>"; };
		F0151572193AD36E00CB4D50 /* MyLauncherItem.m */ = {isa = PBXFileReference; fileEncoding = 4; lastKnownFileType = sourcecode.c.objc; path = MyLauncherItem.m; sourceTree = "<group>"; };
		F0151573193AD36E00CB4D50 /* MyLauncherPageControl.h */ = {isa = PBXFileReference; fileEncoding = 4; lastKnownFileType = sourcecode.c.h; path = MyLauncherPageControl.h; sourceTree = "<group>"; };
		F0151574193AD36E00CB4D50 /* MyLauncherPageControl.m */ = {isa = PBXFileReference; fileEncoding = 4; lastKnownFileType = sourcecode.c.objc; path = MyLauncherPageControl.m; sourceTree = "<group>"; };
		F0151575193AD36E00CB4D50 /* MyLauncherScrollView.h */ = {isa = PBXFileReference; fileEncoding = 4; lastKnownFileType = sourcecode.c.h; path = MyLauncherScrollView.h; sourceTree = "<group>"; };
		F0151576193AD36E00CB4D50 /* MyLauncherScrollView.m */ = {isa = PBXFileReference; fileEncoding = 4; lastKnownFileType = sourcecode.c.objc; path = MyLauncherScrollView.m; sourceTree = "<group>"; };
		F0151577193AD36E00CB4D50 /* MyLauncherView.h */ = {isa = PBXFileReference; fileEncoding = 4; lastKnownFileType = sourcecode.c.h; path = MyLauncherView.h; sourceTree = "<group>"; };
		F0151578193AD36E00CB4D50 /* MyLauncherView.m */ = {isa = PBXFileReference; fileEncoding = 4; lastKnownFileType = sourcecode.c.objc; path = MyLauncherView.m; sourceTree = "<group>"; };
		F0151579193AD36E00CB4D50 /* MyLauncherViewController.h */ = {isa = PBXFileReference; fileEncoding = 4; lastKnownFileType = sourcecode.c.h; path = MyLauncherViewController.h; sourceTree = "<group>"; };
		F015157A193AD36E00CB4D50 /* MyLauncherViewController.m */ = {isa = PBXFileReference; fileEncoding = 4; lastKnownFileType = sourcecode.c.objc; path = MyLauncherViewController.m; sourceTree = "<group>"; };
		F015157C193AD36E00CB4D50 /* EGORefreshTableHeaderView.h */ = {isa = PBXFileReference; fileEncoding = 4; lastKnownFileType = sourcecode.c.h; path = EGORefreshTableHeaderView.h; sourceTree = "<group>"; };
		F015157D193AD36E00CB4D50 /* EGORefreshTableHeaderView.m */ = {isa = PBXFileReference; fileEncoding = 4; lastKnownFileType = sourcecode.c.objc; path = EGORefreshTableHeaderView.m; sourceTree = "<group>"; };
		F015157F193AD36E00CB4D50 /* SWTableViewCell.h */ = {isa = PBXFileReference; fileEncoding = 4; lastKnownFileType = sourcecode.c.h; path = SWTableViewCell.h; sourceTree = "<group>"; };
		F0151580193AD36E00CB4D50 /* SWTableViewCell.m */ = {isa = PBXFileReference; fileEncoding = 4; lastKnownFileType = sourcecode.c.objc; path = SWTableViewCell.m; sourceTree = "<group>"; };
		F0151582193AD36E00CB4D50 /* CBMCellBillList.h */ = {isa = PBXFileReference; fileEncoding = 4; lastKnownFileType = sourcecode.c.h; path = CBMCellBillList.h; sourceTree = "<group>"; };
		F0151583193AD36E00CB4D50 /* CBMCellBillList.m */ = {isa = PBXFileReference; fileEncoding = 4; lastKnownFileType = sourcecode.c.objc; path = CBMCellBillList.m; sourceTree = "<group>"; };
		F0151584193AD36E00CB4D50 /* CBMCellMemberList.h */ = {isa = PBXFileReference; fileEncoding = 4; lastKnownFileType = sourcecode.c.h; path = CBMCellMemberList.h; sourceTree = "<group>"; };
		F0151585193AD36E00CB4D50 /* CBMCellMemberList.m */ = {isa = PBXFileReference; fileEncoding = 4; lastKnownFileType = sourcecode.c.objc; path = CBMCellMemberList.m; sourceTree = "<group>"; };
		F0151586193AD36E00CB4D50 /* CBMNormalSectionHeaderView.h */ = {isa = PBXFileReference; fileEncoding = 4; lastKnownFileType = sourcecode.c.h; path = CBMNormalSectionHeaderView.h; sourceTree = "<group>"; };
		F0151587193AD36E00CB4D50 /* CBMNormalSectionHeaderView.m */ = {isa = PBXFileReference; fileEncoding = 4; lastKnownFileType = sourcecode.c.objc; path = CBMNormalSectionHeaderView.m; sourceTree = "<group>"; };
		F0151588193AD36E00CB4D50 /* CBMSectionHeaderView.h */ = {isa = PBXFileReference; fileEncoding = 4; lastKnownFileType = sourcecode.c.h; path = CBMSectionHeaderView.h; sourceTree = "<group>"; };
		F0151589193AD36E00CB4D50 /* CBMSectionHeaderView.m */ = {isa = PBXFileReference; fileEncoding = 4; lastKnownFileType = sourcecode.c.objc; path = CBMSectionHeaderView.m; sourceTree = "<group>"; };
		F015158A193AD36E00CB4D50 /* CBMSectionInfo.h */ = {isa = PBXFileReference; fileEncoding = 4; lastKnownFileType = sourcecode.c.h; path = CBMSectionInfo.h; sourceTree = "<group>"; };
		F015158B193AD36E00CB4D50 /* CBMSectionInfo.m */ = {isa = PBXFileReference; fileEncoding = 4; lastKnownFileType = sourcecode.c.objc; path = CBMSectionInfo.m; sourceTree = "<group>"; };
		F015158D193AD36E00CB4D50 /* CBMViewControllerAccountApply.h */ = {isa = PBXFileReference; fileEncoding = 4; lastKnownFileType = sourcecode.c.h; path = CBMViewControllerAccountApply.h; sourceTree = "<group>"; };
		F015158E193AD36E00CB4D50 /* CBMViewControllerAccountApply.m */ = {isa = PBXFileReference; fileEncoding = 4; lastKnownFileType = sourcecode.c.objc; path = CBMViewControllerAccountApply.m; sourceTree = "<group>"; };
		F015158F193AD36E00CB4D50 /* CBMViewControllerActionlist.h */ = {isa = PBXFileReference; fileEncoding = 4; lastKnownFileType = sourcecode.c.h; path = CBMViewControllerActionlist.h; sourceTree = "<group>"; };
		F0151590193AD36E00CB4D50 /* CBMViewControllerActionlist.m */ = {isa = PBXFileReference; fileEncoding = 4; lastKnownFileType = sourcecode.c.objc; path = CBMViewControllerActionlist.m; sourceTree = "<group>"; };
		F0151591193AD36E00CB4D50 /* CBMViewControllerAddBill.h */ = {isa = PBXFileReference; fileEncoding = 4; lastKnownFileType = sourcecode.c.h; path = CBMViewControllerAddBill.h; sourceTree = "<group>"; };
		F0151592193AD36E00CB4D50 /* CBMViewControllerAddBill.m */ = {isa = PBXFileReference; fileEncoding = 4; lastKnownFileType = sourcecode.c.objc; path = CBMViewControllerAddBill.m; sourceTree = "<group>"; };
		F0151593193AD36E00CB4D50 /* CBMViewControllerAddGroup.h */ = {isa = PBXFileReference; fileEncoding = 4; lastKnownFileType = sourcecode.c.h; path = CBMViewControllerAddGroup.h; sourceTree = "<group>"; };
		F0151594193AD36E00CB4D50 /* CBMViewControllerAddGroup.m */ = {isa = PBXFileReference; fileEncoding = 4; lastKnownFileType = sourcecode.c.objc; path = CBMViewControllerAddGroup.m; sourceTree = "<group>"; };
		F0151595193AD36E00CB4D50 /* CBMViewControllerBillList.h */ = {isa = PBXFileReference; fileEncoding = 4; lastKnownFileType = sourcecode.c.h; path = CBMViewControllerBillList.h; sourceTree = "<group>"; };
		F0151596193AD36E00CB4D50 /* CBMViewControllerBillList.m */ = {isa = PBXFileReference; fileEncoding = 4; lastKnownFileType = sourcecode.c.objc; path = CBMViewControllerBillList.m; sourceTree = "<group>"; };
		F0151597193AD36E00CB4D50 /* CBMViewControllerEntry.h */ = {isa = PBXFileReference; fileEncoding = 4; lastKnownFileType = sourcecode.c.h; path = CBMViewControllerEntry.h; sourceTree = "<group>"; };
		F0151598193AD36E00CB4D50 /* CBMViewControllerEntry.m */ = {isa = PBXFileReference; fileEncoding = 4; lastKnownFileType = sourcecode.c.objc; path = CBMViewControllerEntry.m; sourceTree = "<group>"; };
		F0151599193AD36E00CB4D50 /* CBMViewControllerLogIn.h */ = {isa = PBXFileReference; fileEncoding = 4; lastKnownFileType = sourcecode.c.h; path = CBMViewControllerLogIn.h; sourceTree = "<group>"; };
		F015159A193AD36E00CB4D50 /* CBMViewControllerLogIn.m */ = {isa = PBXFileReference; fileEncoding = 4; lastKnownFileType = sourcecode.c.objc; path = CBMViewControllerLogIn.m; sourceTree = "<group>"; };
		F015159B193AD36E00CB4D50 /* CBMViewControllerMemberList.h */ = {isa = PBXFileReference; fileEncoding = 4; lastKnownFileType = sourcecode.c.h; path = CBMViewControllerMemberList.h; sourceTree = "<group>"; };
		F015159C193AD36E00CB4D50 /* CBMViewControllerMemberList.m */ = {isa = PBXFileReference; fileEncoding = 4; lastKnownFileType = sourcecode.c.objc; path = CBMViewControllerMemberList.m; sourceTree = "<group>"; };
		F015159D193AD36E00CB4D50 /* CBMViewControllerProjectLauncher.h */ = {isa = PBXFileReference; fileEncoding = 4; lastKnownFileType = sourcecode.c.h; path = CBMViewControllerProjectLauncher.h; sourceTree = "<group>"; };
		F015159E193AD36E00CB4D50 /* CBMViewControllerProjectLauncher.m */ = {isa = PBXFileReference; fileEncoding = 4; lastKnownFileType = sourcecode.c.objc; path = CBMViewControllerProjectLauncher.m; sourceTree = "<group>"; };
		F015159F193AD36E00CB4D50 /* CBMViewControllerShowBill.h */ = {isa = PBXFileReference; fileEncoding = 4; lastKnownFileType = sourcecode.c.h; path = CBMViewControllerShowBill.h; sourceTree = "<group>"; };
		F01515A0193AD36E00CB4D50 /* CBMViewControllerShowBill.m */ = {isa = PBXFileReference; fileEncoding = 4; lastKnownFileType = sourcecode.c.objc; path = CBMViewControllerShowBill.m; sourceTree = "<group>"; };
		F01515C3193AD91D00CB4D50 /* CBMDataModel.h */ = {isa = PBXFileReference; fileEncoding = 4; lastKnownFileType = sourcecode.c.h; path = CBMDataModel.h; sourceTree = "<group>"; };
		F01515C4193AD91D00CB4D50 /* CBMDataModel.m */ = {isa = PBXFileReference; fileEncoding = 4; lastKnownFileType = sourcecode.c.objc; path = CBMDataModel.m; sourceTree = "<group>"; };
		F015161419440D4800CB4D50 /* CBMDataModelLocalSave.h */ = {isa = PBXFileReference; fileEncoding = 4; lastKnownFileType = sourcecode.c.h; path = CBMDataModelLocalSave.h; sourceTree = "<group>"; };
		F015161519440D4800CB4D50 /* CBMDataModelLocalSave.m */ = {isa = PBXFileReference; fileEncoding = 4; lastKnownFileType = sourcecode.c.objc; path = CBMDataModelLocalSave.m; sourceTree = "<group>"; };
		F01516191944140D00CB4D50 /* CoreData.framework */ = {isa = PBXFileReference; lastKnownFileType = wrapper.framework; name = CoreData.framework; path = System/Library/Frameworks/CoreData.framework; sourceTree = SDKROOT; };
		F015161C1944155500CB4D50 /* CBMDataModelLocalSave.xcdatamodel */ = {isa = PBXFileReference; lastKnownFileType = wrapper.xcdatamodel; path = CBMDataModelLocalSave.xcdatamodel; sourceTree = "<group>"; };
		F025B6451871517200B1A2B1 /* carat-open.png */ = {isa = PBXFileReference; lastKnownFileType = image.png; name = "carat-open.png"; path = "Resource/carat-open.png"; sourceTree = "<group>"; };
		F025B6461871517200B1A2B1 /* carat.png */ = {isa = PBXFileReference; lastKnownFileType = image.png; name = carat.png; path = Resource/carat.png; sourceTree = "<group>"; };
		F025B6471871517200B1A2B1 /* Default-568h@2x.png */ = {isa = PBXFileReference; lastKnownFileType = image.png; name = "Default-568h@2x.png"; path = "Resource/Default-568h@2x.png"; sourceTree = "<group>"; };
		F025B6481871517200B1A2B1 /* Default.png */ = {isa = PBXFileReference; lastKnownFileType = image.png; name = Default.png; path = Resource/Default.png; sourceTree = "<group>"; };
		F025B6491871517200B1A2B1 /* Default@2x.png */ = {isa = PBXFileReference; lastKnownFileType = image.png; name = "Default@2x.png"; path = "Resource/Default@2x.png"; sourceTree = "<group>"; };
		F025B64A1871517200B1A2B1 /* icon0.png */ = {isa = PBXFileReference; lastKnownFileType = image.png; name = icon0.png; path = Resource/icon0.png; sourceTree = "<group>"; };
		F025B64B1871517200B1A2B1 /* icon1.png */ = {isa = PBXFileReference; lastKnownFileType = image.png; name = icon1.png; path = Resource/icon1.png; sourceTree = "<group>"; };
		F025B64C1871517200B1A2B1 /* icon2.png */ = {isa = PBXFileReference; lastKnownFileType = image.png; name = icon2.png; path = Resource/icon2.png; sourceTree = "<group>"; };
		F025B64D1871517200B1A2B1 /* icon3.png */ = {isa = PBXFileReference; lastKnownFileType = image.png; name = icon3.png; path = Resource/icon3.png; sourceTree = "<group>"; };
		F025B64E1871517200B1A2B1 /* SectionHeaderView.xib */ = {isa = PBXFileReference; lastKnownFileType = file.xib; name = SectionHeaderView.xib; path = Resource/SectionHeaderView.xib; sourceTree = "<group>"; };
		F025B64F1871535600B1A2B1 /* BillManagement-Info.plist */ = {isa = PBXFileReference; lastKnownFileType = text.plist.xml; path = "BillManagement-Info.plist"; sourceTree = "<group>"; };
		F025B6501871535600B1A2B1 /* BillManagement-Prefix.pch */ = {isa = PBXFileReference; lastKnownFileType = sourcecode.c.h; path = "BillManagement-Prefix.pch"; sourceTree = "<group>"; };
		F031658D185C6C48001EC383 /* BillManagement.app */ = {isa = PBXFileReference; explicitFileType = wrapper.application; includeInIndex = 0; path = BillManagement.app; sourceTree = BUILT_PRODUCTS_DIR; };
		F0316591185C6C48001EC383 /* UIKit.framework */ = {isa = PBXFileReference; lastKnownFileType = wrapper.framework; name = UIKit.framework; path = System/Library/Frameworks/UIKit.framework; sourceTree = SDKROOT; };
		F0316593185C6C48001EC383 /* Foundation.framework */ = {isa = PBXFileReference; lastKnownFileType = wrapper.framework; name = Foundation.framework; path = System/Library/Frameworks/Foundation.framework; sourceTree = SDKROOT; };
		F0316595185C6C48001EC383 /* CoreGraphics.framework */ = {isa = PBXFileReference; lastKnownFileType = wrapper.framework; name = CoreGraphics.framework; path = System/Library/Frameworks/CoreGraphics.framework; sourceTree = SDKROOT; };
		F031659D185C6C48001EC383 /* main.m */ = {isa = PBXFileReference; lastKnownFileType = sourcecode.c.objc; path = main.m; sourceTree = "<group>"; };
		F03165A0185C6C48001EC383 /* CBMAppDelegate.h */ = {isa = PBXFileReference; lastKnownFileType = sourcecode.c.h; path = CBMAppDelegate.h; sourceTree = "<group>"; };
		F03165A1185C6C48001EC383 /* CBMAppDelegate.m */ = {isa = PBXFileReference; lastKnownFileType = sourcecode.c.objc; path = CBMAppDelegate.m; sourceTree = "<group>"; };
		F0445DDF187155EA00A0D2EF /* blackArrow.png */ = {isa = PBXFileReference; lastKnownFileType = image.png; name = blackArrow.png; path = Resource/blackArrow.png; sourceTree = "<group>"; };
		F0445DE0187155EA00A0D2EF /* blackArrow@2x.png */ = {isa = PBXFileReference; lastKnownFileType = image.png; name = "blackArrow@2x.png"; path = "Resource/blackArrow@2x.png"; sourceTree = "<group>"; };
		F0445DE1187155EA00A0D2EF /* blueArrow.png */ = {isa = PBXFileReference; lastKnownFileType = image.png; name = blueArrow.png; path = Resource/blueArrow.png; sourceTree = "<group>"; };
		F0445DE2187155EA00A0D2EF /* blueArrow@2x.png */ = {isa = PBXFileReference; lastKnownFileType = image.png; name = "blueArrow@2x.png"; path = "Resource/blueArrow@2x.png"; sourceTree = "<group>"; };
		F0445DE3187155EA00A0D2EF /* grayArrow.png */ = {isa = PBXFileReference; lastKnownFileType = image.png; name = grayArrow.png; path = Resource/grayArrow.png; sourceTree = "<group>"; };
		F0445DE4187155EA00A0D2EF /* grayArrow@2x.png */ = {isa = PBXFileReference; lastKnownFileType = image.png; name = "grayArrow@2x.png"; path = "Resource/grayArrow@2x.png"; sourceTree = "<group>"; };
		F0445DE5187155EA00A0D2EF /* whiteArrow.png */ = {isa = PBXFileReference; lastKnownFileType = image.png; name = whiteArrow.png; path = Resource/whiteArrow.png; sourceTree = "<group>"; };
		F0445DE6187155EA00A0D2EF /* whiteArrow@2x.png */ = {isa = PBXFileReference; lastKnownFileType = image.png; name = "whiteArrow@2x.png"; path = "Resource/whiteArrow@2x.png"; sourceTree = "<group>"; };
		F0445E6318716C5E00A0D2EF /* close.png */ = {isa = PBXFileReference; lastKnownFileType = image.png; name = close.png; path = Resource/close.png; sourceTree = "<group>"; };
		F0445E6418716C5E00A0D2EF /* Icon-iPad.png */ = {isa = PBXFileReference; lastKnownFileType = image.png; name = "Icon-iPad.png"; path = "Resource/Icon-iPad.png"; sourceTree = "<group>"; };
		F0445E6518716C5E00A0D2EF /* Icon.png */ = {isa = PBXFileReference; lastKnownFileType = image.png; name = Icon.png; path = Resource/Icon.png; sourceTree = "<group>"; };
		F0445E6618716C5E00A0D2EF /* Icon@2x.png */ = {isa = PBXFileReference; lastKnownFileType = image.png; name = "Icon@2x.png"; path = "Resource/Icon@2x.png"; sourceTree = "<group>"; };
		F0445E6718716C5E00A0D2EF /* itemImage-iPad.png */ = {isa = PBXFileReference; lastKnownFileType = image.png; name = "itemImage-iPad.png"; path = "Resource/itemImage-iPad.png"; sourceTree = "<group>"; };
		F0445E6818716C5E00A0D2EF /* itemImage.png */ = {isa = PBXFileReference; lastKnownFileType = image.png; name = itemImage.png; path = Resource/itemImage.png; sourceTree = "<group>"; };
		F0445E6918716C5E00A0D2EF /* itemImage@2x.png */ = {isa = PBXFileReference; lastKnownFileType = image.png; name = "itemImage@2x.png"; path = "Resource/itemImage@2x.png"; sourceTree = "<group>"; };
		F0445E6A18716C5E00A0D2EF /* launcher.png */ = {isa = PBXFileReference; lastKnownFileType = image.png; name = launcher.png; path = Resource/launcher.png; sourceTree = "<group>"; };
		F04E2724187CE85B008DED3F /* NormalSectionHeaderView.xib */ = {isa = PBXFileReference; fileEncoding = 4; lastKnownFileType = file.xib; name = NormalSectionHeaderView.xib; path = Resource/NormalSectionHeaderView.xib; sourceTree = "<group>"; };
		F051E059187145CC00D5FE7A /* QuartzCore.framework */ = {isa = PBXFileReference; lastKnownFileType = wrapper.framework; name = QuartzCore.framework; path = System/Library/Frameworks/QuartzCore.framework; sourceTree = SDKROOT; };
		F0713EAD1883BE2000AA61A0 /* ForkImage.png */ = {isa = PBXFileReference; lastKnownFileType = image.png; name = ForkImage.png; path = Resource/ForkImage.png; sourceTree = "<group>"; };
		F0713EAE1883BE2000AA61A0 /* HeaderImage.png */ = {isa = PBXFileReference; lastKnownFileType = image.png; name = HeaderImage.png; path = Resource/HeaderImage.png; sourceTree = "<group>"; };
		F0713EAF1883BE2000AA61A0 /* TestHeader.xib */ = {isa = PBXFileReference; fileEncoding = 4; lastKnownFileType = file.xib; name = TestHeader.xib; path = Resource/TestHeader.xib; sourceTree = "<group>"; };
		F0713EB01883BE2000AA61A0 /* TestPanel3.xib */ = {isa = PBXFileReference; fileEncoding = 4; lastKnownFileType = file.xib; name = TestPanel3.xib; path = Resource/TestPanel3.xib; sourceTree = "<group>"; };
		F0713EB11883BE2000AA61A0 /* Toronto, ON.jpg */ = {isa = PBXFileReference; lastKnownFileType = image.jpeg; name = "Toronto, ON.jpg"; path = "Resource/Toronto, ON.jpg"; sourceTree = "<group>"; };
/* End PBXFileReference section */

/* Begin PBXFrameworksBuildPhase section */
		F031658A185C6C48001EC383 /* Frameworks */ = {
			isa = PBXFrameworksBuildPhase;
			buildActionMask = 2147483647;
			files = (
				F015161A1944140D00CB4D50 /* CoreData.framework in Frameworks */,
				F015154F193AC21400CB4D50 /* libVirtualServer.a in Frameworks */,
				F051E05A187145CC00D5FE7A /* QuartzCore.framework in Frameworks */,
				F0316592185C6C48001EC383 /* UIKit.framework in Frameworks */,
				F0316594185C6C48001EC383 /* Foundation.framework in Frameworks */,
				F0316596185C6C48001EC383 /* CoreGraphics.framework in Frameworks */,
			);
			runOnlyForDeploymentPostprocessing = 0;
		};
/* End PBXFrameworksBuildPhase section */

/* Begin PBXGroup section */
		F0151547193AC1D000CB4D50 /* Products */ = {
			isa = PBXGroup;
			children = (
				F015154C193AC1D000CB4D50 /* libVirtualServer.a */,
				F015154E193AC1D000CB4D50 /* VirtualServerTests.xctest */,
			);
			name = Products;
			sourceTree = "<group>";
		};
		F0151550193AD36E00CB4D50 /* CBMDataModel */ = {
			isa = PBXGroup;
			children = (
				F0151551193AD36E00CB4D50 /* CBMDataModelBillMember.h */,
				F0151552193AD36E00CB4D50 /* CBMDataModelBillMember.m */,
				F0151553193AD36E00CB4D50 /* CBMDataModelGroupMember.h */,
				F0151554193AD36E00CB4D50 /* CBMDataModelGroupMember.m */,
				F01515C3193AD91D00CB4D50 /* CBMDataModel.h */,
				F01515C4193AD91D00CB4D50 /* CBMDataModel.m */,
				F015161419440D4800CB4D50 /* CBMDataModelLocalSave.h */,
				F015161519440D4800CB4D50 /* CBMDataModelLocalSave.m */,
				F015161B1944155500CB4D50 /* CBMDataModelLocalSave.xcdatamodeld */,
			);
			path = CBMDataModel;
			sourceTree = "<group>";
		};
		F0151555193AD36E00CB4D50 /* CBMLocalizeProject */ = {
			isa = PBXGroup;
			children = (
				F0151556193AD36E00CB4D50 /* MainStoryboard_iPad.storyboard */,
				F0151558193AD36E00CB4D50 /* MainStoryboard_iPhone.storyboard */,
				F015155A193AD36E00CB4D50 /* InfoPlist.strings */,
				F015155C193AD36E00CB4D50 /* Localizable.strings */,
				F015155E193AD36E00CB4D50 /* MainStoryboard_iPad.strings */,
				F0151560193AD36E00CB4D50 /* MainStoryboard_iPhone.strings */,
			);
			path = CBMLocalizeProject;
			sourceTree = "<group>";
		};
		F0151566193AD36E00CB4D50 /* CBMVender */ = {
			isa = PBXGroup;
			children = (
				F0151567193AD36E00CB4D50 /* MYBlurIntroductionView */,
				F015156E193AD36E00CB4D50 /* MyLauncher */,
				F015157B193AD36E00CB4D50 /* RefreshTableHeaderView */,
				F015157E193AD36E00CB4D50 /* SWTableViewCell */,
				F0151581193AD36E00CB4D50 /* TableViewCustomize */,
			);
			path = CBMVender;
			sourceTree = "<group>";
		};
		F0151567193AD36E00CB4D50 /* MYBlurIntroductionView */ = {
			isa = PBXGroup;
			children = (
				F0151568193AD36E00CB4D50 /* AMBlurView.h */,
				F0151569193AD36E00CB4D50 /* AMBlurView.m */,
				F015156A193AD36E00CB4D50 /* MYBlurIntroductionView.h */,
				F015156B193AD36E00CB4D50 /* MYBlurIntroductionView.m */,
				F015156C193AD36E00CB4D50 /* MYIntroductionPanel.h */,
				F015156D193AD36E00CB4D50 /* MYIntroductionPanel.m */,
			);
			path = MYBlurIntroductionView;
			sourceTree = "<group>";
		};
		F015156E193AD36E00CB4D50 /* MyLauncher */ = {
			isa = PBXGroup;
			children = (
				F015156F193AD36E00CB4D50 /* CustomBadge.h */,
				F0151570193AD36E00CB4D50 /* CustomBadge.m */,
				F0151571193AD36E00CB4D50 /* MyLauncherItem.h */,
				F0151572193AD36E00CB4D50 /* MyLauncherItem.m */,
				F0151573193AD36E00CB4D50 /* MyLauncherPageControl.h */,
				F0151574193AD36E00CB4D50 /* MyLauncherPageControl.m */,
				F0151575193AD36E00CB4D50 /* MyLauncherScrollView.h */,
				F0151576193AD36E00CB4D50 /* MyLauncherScrollView.m */,
				F0151577193AD36E00CB4D50 /* MyLauncherView.h */,
				F0151578193AD36E00CB4D50 /* MyLauncherView.m */,
				F0151579193AD36E00CB4D50 /* MyLauncherViewController.h */,
				F015157A193AD36E00CB4D50 /* MyLauncherViewController.m */,
			);
			path = MyLauncher;
			sourceTree = "<group>";
		};
		F015157B193AD36E00CB4D50 /* RefreshTableHeaderView */ = {
			isa = PBXGroup;
			children = (
				F015157C193AD36E00CB4D50 /* EGORefreshTableHeaderView.h */,
				F015157D193AD36E00CB4D50 /* EGORefreshTableHeaderView.m */,
			);
			path = RefreshTableHeaderView;
			sourceTree = "<group>";
		};
		F015157E193AD36E00CB4D50 /* SWTableViewCell */ = {
			isa = PBXGroup;
			children = (
				F015157F193AD36E00CB4D50 /* SWTableViewCell.h */,
				F0151580193AD36E00CB4D50 /* SWTableViewCell.m */,
			);
			path = SWTableViewCell;
			sourceTree = "<group>";
		};
		F0151581193AD36E00CB4D50 /* TableViewCustomize */ = {
			isa = PBXGroup;
			children = (
				F0151582193AD36E00CB4D50 /* CBMCellBillList.h */,
				F0151583193AD36E00CB4D50 /* CBMCellBillList.m */,
				F0151584193AD36E00CB4D50 /* CBMCellMemberList.h */,
				F0151585193AD36E00CB4D50 /* CBMCellMemberList.m */,
				F0151586193AD36E00CB4D50 /* CBMNormalSectionHeaderView.h */,
				F0151587193AD36E00CB4D50 /* CBMNormalSectionHeaderView.m */,
				F0151588193AD36E00CB4D50 /* CBMSectionHeaderView.h */,
				F0151589193AD36E00CB4D50 /* CBMSectionHeaderView.m */,
				F015158A193AD36E00CB4D50 /* CBMSectionInfo.h */,
				F015158B193AD36E00CB4D50 /* CBMSectionInfo.m */,
			);
			path = TableViewCustomize;
			sourceTree = "<group>";
		};
		F015158C193AD36E00CB4D50 /* CBMViewController */ = {
			isa = PBXGroup;
			children = (
				F015158D193AD36E00CB4D50 /* CBMViewControllerAccountApply.h */,
				F015158E193AD36E00CB4D50 /* CBMViewControllerAccountApply.m */,
				F015158F193AD36E00CB4D50 /* CBMViewControllerActionlist.h */,
				F0151590193AD36E00CB4D50 /* CBMViewControllerActionlist.m */,
				F0151591193AD36E00CB4D50 /* CBMViewControllerAddBill.h */,
				F0151592193AD36E00CB4D50 /* CBMViewControllerAddBill.m */,
				F0151593193AD36E00CB4D50 /* CBMViewControllerAddGroup.h */,
				F0151594193AD36E00CB4D50 /* CBMViewControllerAddGroup.m */,
				F0151595193AD36E00CB4D50 /* CBMViewControllerBillList.h */,
				F0151596193AD36E00CB4D50 /* CBMViewControllerBillList.m */,
				F0151597193AD36E00CB4D50 /* CBMViewControllerEntry.h */,
				F0151598193AD36E00CB4D50 /* CBMViewControllerEntry.m */,
				F0151599193AD36E00CB4D50 /* CBMViewControllerLogIn.h */,
				F015159A193AD36E00CB4D50 /* CBMViewControllerLogIn.m */,
				F015159B193AD36E00CB4D50 /* CBMViewControllerMemberList.h */,
				F015159C193AD36E00CB4D50 /* CBMViewControllerMemberList.m */,
				F015159D193AD36E00CB4D50 /* CBMViewControllerProjectLauncher.h */,
				F015159E193AD36E00CB4D50 /* CBMViewControllerProjectLauncher.m */,
				F015159F193AD36E00CB4D50 /* CBMViewControllerShowBill.h */,
				F01515A0193AD36E00CB4D50 /* CBMViewControllerShowBill.m */,
			);
			path = CBMViewController;
			sourceTree = "<group>";
		};
		F0316582185C6C48001EC383 = {
			isa = PBXGroup;
			children = (
				F0316597185C6C48001EC383 /* BillManagement */,
				F0316590185C6C48001EC383 /* Frameworks */,
				F031658E185C6C48001EC383 /* Products */,
			);
			sourceTree = "<group>";
		};
		F031658E185C6C48001EC383 /* Products */ = {
			isa = PBXGroup;
			children = (
				F031658D185C6C48001EC383 /* BillManagement.app */,
			);
			name = Products;
			sourceTree = "<group>";
		};
		F0316590185C6C48001EC383 /* Frameworks */ = {
			isa = PBXGroup;
			children = (
				F01516191944140D00CB4D50 /* CoreData.framework */,
				F0151546193AC1D000CB4D50 /* VirtualServer.xcodeproj */,
				F051E059187145CC00D5FE7A /* QuartzCore.framework */,
				F0316591185C6C48001EC383 /* UIKit.framework */,
				F0316593185C6C48001EC383 /* Foundation.framework */,
				F0316595185C6C48001EC383 /* CoreGraphics.framework */,
			);
			name = Frameworks;
			sourceTree = "<group>";
		};
		F0316597185C6C48001EC383 /* BillManagement */ = {
			isa = PBXGroup;
			children = (
				F015158C193AD36E00CB4D50 /* CBMViewController */,
				F0151550193AD36E00CB4D50 /* CBMDataModel */,
				F0151555193AD36E00CB4D50 /* CBMLocalizeProject */,
				F0151566193AD36E00CB4D50 /* CBMVender */,
				F031659D185C6C48001EC383 /* main.m */,
				F03165A0185C6C48001EC383 /* CBMAppDelegate.h */,
				F03165A1185C6C48001EC383 /* CBMAppDelegate.m */,
				F0316598185C6C48001EC383 /* Supporting Files */,
			);
			path = BillManagement;
			sourceTree = "<group>";
		};
		F0316598185C6C48001EC383 /* Supporting Files */ = {
			isa = PBXGroup;
			children = (
				F0713EAD1883BE2000AA61A0 /* ForkImage.png */,
				F0713EAE1883BE2000AA61A0 /* HeaderImage.png */,
				F0713EAF1883BE2000AA61A0 /* TestHeader.xib */,
				F0713EB01883BE2000AA61A0 /* TestPanel3.xib */,
				F0713EB11883BE2000AA61A0 /* Toronto, ON.jpg */,
				F0445E6318716C5E00A0D2EF /* close.png */,
				F0445E6418716C5E00A0D2EF /* Icon-iPad.png */,
				F0445E6518716C5E00A0D2EF /* Icon.png */,
				F0445E6618716C5E00A0D2EF /* Icon@2x.png */,
				F0445E6718716C5E00A0D2EF /* itemImage-iPad.png */,
				F0445E6818716C5E00A0D2EF /* itemImage.png */,
				F0445E6918716C5E00A0D2EF /* itemImage@2x.png */,
				F0445E6A18716C5E00A0D2EF /* launcher.png */,
				F0445DDF187155EA00A0D2EF /* blackArrow.png */,
				F0445DE0187155EA00A0D2EF /* blackArrow@2x.png */,
				F0445DE1187155EA00A0D2EF /* blueArrow.png */,
				F0445DE2187155EA00A0D2EF /* blueArrow@2x.png */,
				F0445DE3187155EA00A0D2EF /* grayArrow.png */,
				F0445DE4187155EA00A0D2EF /* grayArrow@2x.png */,
				F0445DE5187155EA00A0D2EF /* whiteArrow.png */,
				F0445DE6187155EA00A0D2EF /* whiteArrow@2x.png */,
				F025B64F1871535600B1A2B1 /* BillManagement-Info.plist */,
				F025B6501871535600B1A2B1 /* BillManagement-Prefix.pch */,
				F025B6451871517200B1A2B1 /* carat-open.png */,
				F025B6461871517200B1A2B1 /* carat.png */,
				F025B6471871517200B1A2B1 /* Default-568h@2x.png */,
				F025B6481871517200B1A2B1 /* Default.png */,
				F025B6491871517200B1A2B1 /* Default@2x.png */,
				F025B64A1871517200B1A2B1 /* icon0.png */,
				F025B64B1871517200B1A2B1 /* icon1.png */,
				F025B64C1871517200B1A2B1 /* icon2.png */,
				F025B64D1871517200B1A2B1 /* icon3.png */,
				F025B64E1871517200B1A2B1 /* SectionHeaderView.xib */,
				F04E2724187CE85B008DED3F /* NormalSectionHeaderView.xib */,
			);
			name = "Supporting Files";
			sourceTree = "<group>";
		};
/* End PBXGroup section */

/* Begin PBXNativeTarget section */
		F031658C185C6C48001EC383 /* BillManagement */ = {
			isa = PBXNativeTarget;
			buildConfigurationList = F03165B4185C6C49001EC383 /* Build configuration list for PBXNativeTarget "BillManagement" */;
			buildPhases = (
				F0316589185C6C48001EC383 /* Sources */,
				F031658A185C6C48001EC383 /* Frameworks */,
				F031658B185C6C48001EC383 /* Resources */,
			);
			buildRules = (
			);
			dependencies = (
			);
			name = BillManagement;
			productName = BillManagement;
			productReference = F031658D185C6C48001EC383 /* BillManagement.app */;
			productType = "com.apple.product-type.application";
		};
/* End PBXNativeTarget section */

/* Begin PBXProject section */
		F0316584185C6C48001EC383 /* Project object */ = {
			isa = PBXProject;
			attributes = {
				CLASSPREFIX = CBM;
				LastUpgradeCheck = 0450;
				ORGANIZATIONNAME = "zhaozheng chu";
			};
			buildConfigurationList = F0316587185C6C48001EC383 /* Build configuration list for PBXProject "BillManagement" */;
			compatibilityVersion = "Xcode 3.2";
			developmentRegion = English;
			hasScannedForEncodings = 0;
			knownRegions = (
				en,
				"zh-Hant",
				Base,
			);
			mainGroup = F0316582185C6C48001EC383;
			productRefGroup = F031658E185C6C48001EC383 /* Products */;
			projectDirPath = "";
			projectReferences = (
				{
					ProductGroup = F0151547193AC1D000CB4D50 /* Products */;
					ProjectRef = F0151546193AC1D000CB4D50 /* VirtualServer.xcodeproj */;
				},
			);
			projectRoot = "";
			targets = (
				F031658C185C6C48001EC383 /* BillManagement */,
			);
		};
/* End PBXProject section */

/* Begin PBXReferenceProxy section */
		F015154C193AC1D000CB4D50 /* libVirtualServer.a */ = {
			isa = PBXReferenceProxy;
			fileType = archive.ar;
			path = libVirtualServer.a;
			remoteRef = F015154B193AC1D000CB4D50 /* PBXContainerItemProxy */;
			sourceTree = BUILT_PRODUCTS_DIR;
		};
		F015154E193AC1D000CB4D50 /* VirtualServerTests.xctest */ = {
			isa = PBXReferenceProxy;
			fileType = wrapper.cfbundle;
			path = VirtualServerTests.xctest;
			remoteRef = F015154D193AC1D000CB4D50 /* PBXContainerItemProxy */;
			sourceTree = BUILT_PRODUCTS_DIR;
		};
/* End PBXReferenceProxy section */

/* Begin PBXResourcesBuildPhase section */
		F031658B185C6C48001EC383 /* Resources */ = {
			isa = PBXResourcesBuildPhase;
			buildActionMask = 2147483647;
			files = (
				F0713EB61883BE2000AA61A0 /* Toronto, ON.jpg in Resources */,
				F05AC3A318753A2800E42F13 /* SectionHeaderView.xib in Resources */,
				F05AC3A41877E14700E42F13 /* carat-open.png in Resources */,
				F0713EB51883BE2000AA61A0 /* TestPanel3.xib in Resources */,
				F01515A4193AD36E00CB4D50 /* MainStoryboard_iPhone.storyboard in Resources */,
				F05AC3A51877E14700E42F13 /* carat.png in Resources */,
				F05AC3A61877E14700E42F13 /* Default-568h@2x.png in Resources */,
				F01515A8193AD36E00CB4D50 /* MainStoryboard_iPhone.strings in Resources */,
				F05AC3A71877E14700E42F13 /* Default.png in Resources */,
				F0713EB31883BE2000AA61A0 /* HeaderImage.png in Resources */,
				F05AC3A81877E14700E42F13 /* Default@2x.png in Resources */,
				F05AC3A91877E14700E42F13 /* icon0.png in Resources */,
				F05AC3AA1877E14700E42F13 /* icon1.png in Resources */,
				F05AC3AB1877E14700E42F13 /* icon2.png in Resources */,
				F01515A6193AD36E00CB4D50 /* Localizable.strings in Resources */,
				F05AC3AC1877E14700E42F13 /* icon3.png in Resources */,
				F05AC3AD1877E14F00E42F13 /* close.png in Resources */,
				F05AC3AE1877E14F00E42F13 /* Icon-iPad.png in Resources */,
				F05AC3AF1877E14F00E42F13 /* Icon.png in Resources */,
				F05AC3B01877E14F00E42F13 /* Icon@2x.png in Resources */,
				F05AC3B11877E14F00E42F13 /* itemImage-iPad.png in Resources */,
				F0713EB41883BE2000AA61A0 /* TestHeader.xib in Resources */,
				F05AC3B21877E14F00E42F13 /* itemImage.png in Resources */,
				F05AC3B31877E14F00E42F13 /* itemImage@2x.png in Resources */,
				F01515A3193AD36E00CB4D50 /* MainStoryboard_iPad.storyboard in Resources */,
				F0713EB21883BE2000AA61A0 /* ForkImage.png in Resources */,
				F05AC3B41877E14F00E42F13 /* launcher.png in Resources */,
				F05AC3B51877E14F00E42F13 /* blackArrow.png in Resources */,
				F05AC3B61877E14F00E42F13 /* blackArrow@2x.png in Resources */,
				F05AC3B71877E14F00E42F13 /* blueArrow.png in Resources */,
				F05AC3B81877E14F00E42F13 /* blueArrow@2x.png in Resources */,
				F01515A5193AD36E00CB4D50 /* InfoPlist.strings in Resources */,
				F05AC3B91877E14F00E42F13 /* grayArrow.png in Resources */,
				F05AC3BA1877E14F00E42F13 /* grayArrow@2x.png in Resources */,
				F05AC3BB1877E14F00E42F13 /* whiteArrow.png in Resources */,
				F05AC3BC1877E14F00E42F13 /* whiteArrow@2x.png in Resources */,
				F04E2725187CE85B008DED3F /* NormalSectionHeaderView.xib in Resources */,
				F01515A7193AD36E00CB4D50 /* MainStoryboard_iPad.strings in Resources */,
			);
			runOnlyForDeploymentPostprocessing = 0;
		};
/* End PBXResourcesBuildPhase section */

/* Begin PBXSourcesBuildPhase section */
		F0316589185C6C48001EC383 /* Sources */ = {
			isa = PBXSourcesBuildPhase;
			buildActionMask = 2147483647;
			files = (
				F015161D1944155500CB4D50 /* CBMDataModelLocalSave.xcdatamodeld in Sources */,
				F01515B5193AD36E00CB4D50 /* CBMCellMemberList.m in Sources */,
				F01515A1193AD36E00CB4D50 /* CBMDataModelBillMember.m in Sources */,
				F01515BE193AD36F00CB4D50 /* CBMViewControllerEntry.m in Sources */,
				F01515C1193AD36F00CB4D50 /* CBMViewControllerProjectLauncher.m in Sources */,
				F01515AA193AD36E00CB4D50 /* MYBlurIntroductionView.m in Sources */,
				F031659E185C6C48001EC383 /* main.m in Sources */,
				F01515B1193AD36E00CB4D50 /* MyLauncherViewController.m in Sources */,
				F01515A2193AD36E00CB4D50 /* CBMDataModelGroupMember.m in Sources */,
				F01515AB193AD36E00CB4D50 /* MYIntroductionPanel.m in Sources */,
				F015161619440D4800CB4D50 /* CBMDataModelLocalSave.m in Sources */,
				F01515BD193AD36F00CB4D50 /* CBMViewControllerBillList.m in Sources */,
				F01515B6193AD36E00CB4D50 /* CBMNormalSectionHeaderView.m in Sources */,
				F01515BB193AD36E00CB4D50 /* CBMViewControllerAddBill.m in Sources */,
				F01515AF193AD36E00CB4D50 /* MyLauncherScrollView.m in Sources */,
				F01515BF193AD36F00CB4D50 /* CBMViewControllerLogIn.m in Sources */,
				F01515B7193AD36E00CB4D50 /* CBMSectionHeaderView.m in Sources */,
				F03165A2185C6C48001EC383 /* CBMAppDelegate.m in Sources */,
				F01515B9193AD36E00CB4D50 /* CBMViewControllerAccountApply.m in Sources */,
				F01515BC193AD36F00CB4D50 /* CBMViewControllerAddGroup.m in Sources */,
				F01515C0193AD36F00CB4D50 /* CBMViewControllerMemberList.m in Sources */,
				F01515AE193AD36E00CB4D50 /* MyLauncherPageControl.m in Sources */,
				F01515BA193AD36E00CB4D50 /* CBMViewControllerActionlist.m in Sources */,
				F01515AC193AD36E00CB4D50 /* CustomBadge.m in Sources */,
				F01515A9193AD36E00CB4D50 /* AMBlurView.m in Sources */,
				F01515B8193AD36E00CB4D50 /* CBMSectionInfo.m in Sources */,
				F01515B3193AD36E00CB4D50 /* SWTableViewCell.m in Sources */,
				F01515C2193AD36F00CB4D50 /* CBMViewControllerShowBill.m in Sources */,
				F01515B0193AD36E00CB4D50 /* MyLauncherView.m in Sources */,
				F01515B4193AD36E00CB4D50 /* CBMCellBillList.m in Sources */,
				F01515B2193AD36E00CB4D50 /* EGORefreshTableHeaderView.m in Sources */,
				F01515AD193AD36E00CB4D50 /* MyLauncherItem.m in Sources */,
				F01515C5193AD91D00CB4D50 /* CBMDataModel.m in Sources */,
			);
			runOnlyForDeploymentPostprocessing = 0;
		};
/* End PBXSourcesBuildPhase section */

/* Begin PBXVariantGroup section */
		F0151556193AD36E00CB4D50 /* MainStoryboard_iPad.storyboard */ = {
			isa = PBXVariantGroup;
			children = (
				F0151557193AD36E00CB4D50 /* Base */,
			);
			name = MainStoryboard_iPad.storyboard;
			sourceTree = "<group>";
		};
		F0151558193AD36E00CB4D50 /* MainStoryboard_iPhone.storyboard */ = {
			isa = PBXVariantGroup;
			children = (
				F0151559193AD36E00CB4D50 /* Base */,
			);
			name = MainStoryboard_iPhone.storyboard;
			sourceTree = "<group>";
		};
		F015155A193AD36E00CB4D50 /* InfoPlist.strings */ = {
			isa = PBXVariantGroup;
			children = (
				F015155B193AD36E00CB4D50 /* en */,
				F0151562193AD36E00CB4D50 /* zh-Hant */,
			);
			name = InfoPlist.strings;
			sourceTree = "<group>";
		};
		F015155C193AD36E00CB4D50 /* Localizable.strings */ = {
			isa = PBXVariantGroup;
			children = (
				F015155D193AD36E00CB4D50 /* en */,
				F0151563193AD36E00CB4D50 /* zh-Hant */,
			);
			name = Localizable.strings;
			sourceTree = "<group>";
		};
		F015155E193AD36E00CB4D50 /* MainStoryboard_iPad.strings */ = {
			isa = PBXVariantGroup;
			children = (
				F015155F193AD36E00CB4D50 /* en */,
				F0151564193AD36E00CB4D50 /* zh-Hant */,
			);
			name = MainStoryboard_iPad.strings;
			sourceTree = "<group>";
		};
		F0151560193AD36E00CB4D50 /* MainStoryboard_iPhone.strings */ = {
			isa = PBXVariantGroup;
			children = (
				F0151561193AD36E00CB4D50 /* en */,
				F0151565193AD36E00CB4D50 /* zh-Hant */,
			);
			name = MainStoryboard_iPhone.strings;
			sourceTree = "<group>";
		};
/* End PBXVariantGroup section */

/* Begin XCBuildConfiguration section */
		F03165B2185C6C49001EC383 /* Debug */ = {
			isa = XCBuildConfiguration;
			buildSettings = {
				ALWAYS_SEARCH_USER_PATHS = NO;
				CLANG_CXX_LANGUAGE_STANDARD = "gnu++0x";
				CLANG_CXX_LIBRARY = "libc++";
				CLANG_ENABLE_OBJC_ARC = YES;
				CLANG_WARN_EMPTY_BODY = YES;
				CLANG_WARN__DUPLICATE_METHOD_MATCH = YES;
				"CODE_SIGN_IDENTITY[sdk=iphoneos*]" = "iPhone Developer";
				COPY_PHASE_STRIP = NO;
				GCC_C_LANGUAGE_STANDARD = gnu99;
				GCC_DYNAMIC_NO_PIC = NO;
				GCC_OPTIMIZATION_LEVEL = 0;
				GCC_PREPROCESSOR_DEFINITIONS = (
					"DEBUG=1",
					"$(inherited)",
				);
				GCC_SYMBOLS_PRIVATE_EXTERN = NO;
				GCC_WARN_ABOUT_RETURN_TYPE = YES;
				GCC_WARN_UNINITIALIZED_AUTOS = YES;
				GCC_WARN_UNUSED_VARIABLE = YES;
				IPHONEOS_DEPLOYMENT_TARGET = 6.0;
				ONLY_ACTIVE_ARCH = YES;
				SDKROOT = iphoneos;
				TARGETED_DEVICE_FAMILY = "1,2";
			};
			name = Debug;
		};
		F03165B3185C6C49001EC383 /* Release */ = {
			isa = XCBuildConfiguration;
			buildSettings = {
				ALWAYS_SEARCH_USER_PATHS = NO;
				CLANG_CXX_LANGUAGE_STANDARD = "gnu++0x";
				CLANG_CXX_LIBRARY = "libc++";
				CLANG_ENABLE_OBJC_ARC = YES;
				CLANG_WARN_EMPTY_BODY = YES;
				CLANG_WARN__DUPLICATE_METHOD_MATCH = YES;
				"CODE_SIGN_IDENTITY[sdk=iphoneos*]" = "iPhone Developer";
				COPY_PHASE_STRIP = YES;
				GCC_C_LANGUAGE_STANDARD = gnu99;
				GCC_WARN_ABOUT_RETURN_TYPE = YES;
				GCC_WARN_UNINITIALIZED_AUTOS = YES;
				GCC_WARN_UNUSED_VARIABLE = YES;
				IPHONEOS_DEPLOYMENT_TARGET = 6.0;
				OTHER_CFLAGS = "-DNS_BLOCK_ASSERTIONS=1";
				SDKROOT = iphoneos;
				TARGETED_DEVICE_FAMILY = "1,2";
				VALIDATE_PRODUCT = YES;
			};
			name = Release;
		};
		F03165B5185C6C49001EC383 /* Debug */ = {
			isa = XCBuildConfiguration;
			buildSettings = {
				GCC_PRECOMPILE_PREFIX_HEADER = YES;
				GCC_PREFIX_HEADER = "BillManagement/BillManagement-Prefix.pch";
				INFOPLIST_FILE = "BillManagement/BillManagement-Info.plist";
				PRODUCT_NAME = "$(TARGET_NAME)";
				WRAPPER_EXTENSION = app;
			};
			name = Debug;
		};
		F03165B6185C6C49001EC383 /* Release */ = {
			isa = XCBuildConfiguration;
			buildSettings = {
				GCC_PRECOMPILE_PREFIX_HEADER = YES;
				GCC_PREFIX_HEADER = "BillManagement/BillManagement-Prefix.pch";
				INFOPLIST_FILE = "BillManagement/BillManagement-Info.plist";
				PRODUCT_NAME = "$(TARGET_NAME)";
				WRAPPER_EXTENSION = app;
			};
			name = Release;
		};
/* End XCBuildConfiguration section */

/* Begin XCConfigurationList section */
		F0316587185C6C48001EC383 /* Build configuration list for PBXProject "BillManagement" */ = {
			isa = XCConfigurationList;
			buildConfigurations = (
				F03165B2185C6C49001EC383 /* Debug */,
				F03165B3185C6C49001EC383 /* Release */,
			);
			defaultConfigurationIsVisible = 0;
			defaultConfigurationName = Release;
		};
		F03165B4185C6C49001EC383 /* Build configuration list for PBXNativeTarget "BillManagement" */ = {
			isa = XCConfigurationList;
			buildConfigurations = (
				F03165B5185C6C49001EC383 /* Debug */,
				F03165B6185C6C49001EC383 /* Release */,
			);
			defaultConfigurationIsVisible = 0;
			defaultConfigurationName = Release;
		};
/* End XCConfigurationList section */

/* Begin XCVersionGroup section */
		F015161B1944155500CB4D50 /* CBMDataModelLocalSave.xcdatamodeld */ = {
			isa = XCVersionGroup;
			children = (
				F015161C1944155500CB4D50 /* CBMDataModelLocalSave.xcdatamodel */,
			);
			currentVersion = F015161C1944155500CB4D50 /* CBMDataModelLocalSave.xcdatamodel */;
			path = CBMDataModelLocalSave.xcdatamodeld;
			sourceTree = "<group>";
			versionGroupType = wrapper.xcdatamodel;
		};
/* End XCVersionGroup section */
	};
	rootObject = F0316584185C6C48001EC383 /* Project object */;
}
